// !$*UTF8*$!
{
	archiveVersion = 1;
	classes = {
	};
	objectVersion = 46;
	objects = {

/* Begin PBXBuildFile section */
		63BABE3A1A1CBA3300AA64BA /* AppDelegate.swift in Sources */ = {isa = PBXBuildFile; fileRef = 63BABE391A1CBA3300AA64BA /* AppDelegate.swift */; };
		63BABE3C1A1CBA3300AA64BA /* ViewController.swift in Sources */ = {isa = PBXBuildFile; fileRef = 63BABE3B1A1CBA3300AA64BA /* ViewController.swift */; };
		63BABE3F1A1CBA3300AA64BA /* Main.storyboard in Resources */ = {isa = PBXBuildFile; fileRef = 63BABE3D1A1CBA3300AA64BA /* Main.storyboard */; };
		63BABE411A1CBA3300AA64BA /* Images.xcassets in Resources */ = {isa = PBXBuildFile; fileRef = 63BABE401A1CBA3300AA64BA /* Images.xcassets */; };
		63BABE441A1CBA3300AA64BA /* LaunchScreen.xib in Resources */ = {isa = PBXBuildFile; fileRef = 63BABE421A1CBA3300AA64BA /* LaunchScreen.xib */; };
		63BABE501A1CBA3300AA64BA /* Postcard2_0Tests.swift in Sources */ = {isa = PBXBuildFile; fileRef = 63BABE4F1A1CBA3300AA64BA /* Postcard2_0Tests.swift */; };
		63BABE5B1A1CC15200AA64BA /* AlbertEinsteinStamp.jpg in Resources */ = {isa = PBXBuildFile; fileRef = 63BABE591A1CC15200AA64BA /* AlbertEinsteinStamp.jpg */; };
		63BABE5C1A1CC15200AA64BA /* SagradaFamilia.jpeg in Resources */ = {isa = PBXBuildFile; fileRef = 63BABE5A1A1CC15200AA64BA /* SagradaFamilia.jpeg */; };
/* End PBXBuildFile section */

/* Begin PBXContainerItemProxy section */
		63BABE4A1A1CBA3300AA64BA /* PBXContainerItemProxy */ = {
			isa = PBXContainerItemProxy;
			containerPortal = 63BABE2C1A1CBA3300AA64BA /* Project object */;
			proxyType = 1;
			remoteGlobalIDString = 63BABE331A1CBA3300AA64BA;
			remoteInfo = Postcard2.0;
		};
/* End PBXContainerItemProxy section */

/* Begin PBXFileReference section */
		63BABE341A1CBA3300AA64BA /* Postcard2.0.app */ = {isa = PBXFileReference; explicitFileType = wrapper.application; includeInIndex = 0; path = Postcard2.0.app; sourceTree = BUILT_PRODUCTS_DIR; };
		63BABE381A1CBA3300AA64BA /* Info.plist */ = {isa = PBXFileReference; lastKnownFileType = text.plist.xml; path = Info.plist; sourceTree = "<group>"; };
		63BABE391A1CBA3300AA64BA /* AppDelegate.swift */ = {isa = PBXFileReference; lastKnownFileType = sourcecode.swift; path = AppDelegate.swift; sourceTree = "<group>"; };
		63BABE3B1A1CBA3300AA64BA /* ViewController.swift */ = {isa = PBXFileReference; lastKnownFileType = sourcecode.swift; path = ViewController.swift; sourceTree = "<group>"; };
		63BABE3E1A1CBA3300AA64BA /* Base */ = {isa = PBXFileReference; lastKnownFileType = file.storyboard; name = Base; path = Base.lproj/Main.storyboard; sourceTree = "<group>"; };
		63BABE401A1CBA3300AA64BA /* Images.xcassets */ = {isa = PBXFileReference; lastKnownFileType = folder.assetcatalog; path = Images.xcassets; sourceTree = "<group>"; };
		63BABE431A1CBA3300AA64BA /* Base */ = {isa = PBXFileReference; lastKnownFileType = file.xib; name = Base; path = Base.lproj/LaunchScreen.xib; sourceTree = "<group>"; };
		63BABE491A1CBA3300AA64BA /* Postcard2.0Tests.xctest */ = {isa = PBXFileReference; explicitFileType = wrapper.cfbundle; includeInIndex = 0; path = Postcard2.0Tests.xctest; sourceTree = BUILT_PRODUCTS_DIR; };
		63BABE4E1A1CBA3300AA64BA /* Info.plist */ = {isa = PBXFileReference; lastKnownFileType = text.plist.xml; path = Info.plist; sourceTree = "<group>"; };
		63BABE4F1A1CBA3300AA64BA /* Postcard2_0Tests.swift */ = {isa = PBXFileReference; lastKnownFileType = sourcecode.swift; path = Postcard2_0Tests.swift; sourceTree = "<group>"; };
		63BABE591A1CC15200AA64BA /* AlbertEinsteinStamp.jpg */ = {isa = PBXFileReference; lastKnownFileType = image.jpeg; path = AlbertEinsteinStamp.jpg; sourceTree = "<group>"; };
		63BABE5A1A1CC15200AA64BA /* SagradaFamilia.jpeg */ = {isa = PBXFileReference; lastKnownFileType = image.jpeg; path = SagradaFamilia.jpeg; sourceTree = "<group>"; };
/* End PBXFileReference section */

/* Begin PBXFrameworksBuildPhase section */
		63BABE311A1CBA3300AA64BA /* Frameworks */ = {
			isa = PBXFrameworksBuildPhase;
			buildActionMask = 2147483647;
			files = (
			);
			runOnlyForDeploymentPostprocessing = 0;
		};
		63BABE461A1CBA3300AA64BA /* Frameworks */ = {
			isa = PBXFrameworksBuildPhase;
			buildActionMask = 2147483647;
			files = (
			);
			runOnlyForDeploymentPostprocessing = 0;
		};
/* End PBXFrameworksBuildPhase section */

/* Begin PBXGroup section */
		63BABE2B1A1CBA3300AA64BA = {
			isa = PBXGroup;
			children = (
				63BABE361A1CBA3300AA64BA /* Postcard2.0 */,
				63BABE4C1A1CBA3300AA64BA /* Postcard2.0Tests */,
				63BABE351A1CBA3300AA64BA /* Products */,
			);
			sourceTree = "<group>";
		};
		63BABE351A1CBA3300AA64BA /* Products */ = {
			isa = PBXGroup;
			children = (
				63BABE341A1CBA3300AA64BA /* Postcard2.0.app */,
				63BABE491A1CBA3300AA64BA /* Postcard2.0Tests.xctest */,
			);
			name = Products;
			sourceTree = "<group>";
		};
		63BABE361A1CBA3300AA64BA /* Postcard2.0 */ = {
			isa = PBXGroup;
			children = (
				63BABE391A1CBA3300AA64BA /* AppDelegate.swift */,
				63BABE3B1A1CBA3300AA64BA /* ViewController.swift */,
				63BABE3D1A1CBA3300AA64BA /* Main.storyboard */,
				63BABE401A1CBA3300AA64BA /* Images.xcassets */,
				63BABE421A1CBA3300AA64BA /* LaunchScreen.xib */,
				63BABE371A1CBA3300AA64BA /* Supporting Files */,
			);
			path = Postcard2.0;
			sourceTree = "<group>";
		};
		63BABE371A1CBA3300AA64BA /* Supporting Files */ = {
			isa = PBXGroup;
			children = (
				63BABE591A1CC15200AA64BA /* AlbertEinsteinStamp.jpg */,
				63BABE5A1A1CC15200AA64BA /* SagradaFamilia.jpeg */,
				63BABE381A1CBA3300AA64BA /* Info.plist */,
			);
			name = "Supporting Files";
			sourceTree = "<group>";
		};
		63BABE4C1A1CBA3300AA64BA /* Postcard2.0Tests */ = {
			isa = PBXGroup;
			children = (
				63BABE4F1A1CBA3300AA64BA /* Postcard2_0Tests.swift */,
				63BABE4D1A1CBA3300AA64BA /* Supporting Files */,
			);
			path = Postcard2.0Tests;
			sourceTree = "<group>";
		};
		63BABE4D1A1CBA3300AA64BA /* Supporting Files */ = {
			isa = PBXGroup;
			children = (
				63BABE4E1A1CBA3300AA64BA /* Info.plist */,
			);
			name = "Supporting Files";
			sourceTree = "<group>";
		};
/* End PBXGroup section */

/* Begin PBXNativeTarget section */
		63BABE331A1CBA3300AA64BA /* Postcard2.0 */ = {
			isa = PBXNativeTarget;
			buildConfigurationList = 63BABE531A1CBA3300AA64BA /* Build configuration list for PBXNativeTarget "Postcard2.0" */;
			buildPhases = (
				63BABE301A1CBA3300AA64BA /* Sources */,
				63BABE311A1CBA3300AA64BA /* Frameworks */,
				63BABE321A1CBA3300AA64BA /* Resources */,
			);
			buildRules = (
			);
			dependencies = (
			);
			name = Postcard2.0;
			productName = Postcard2.0;
			productReference = 63BABE341A1CBA3300AA64BA /* Postcard2.0.app */;
			productType = "com.apple.product-type.application";
		};
		63BABE481A1CBA3300AA64BA /* Postcard2.0Tests */ = {
			isa = PBXNativeTarget;
			buildConfigurationList = 63BABE561A1CBA3300AA64BA /* Build configuration list for PBXNativeTarget "Postcard2.0Tests" */;
			buildPhases = (
				63BABE451A1CBA3300AA64BA /* Sources */,
				63BABE461A1CBA3300AA64BA /* Frameworks */,
				63BABE471A1CBA3300AA64BA /* Resources */,
			);
			buildRules = (
			);
			dependencies = (
				63BABE4B1A1CBA3300AA64BA /* PBXTargetDependency */,
			);
			name = Postcard2.0Tests;
			productName = Postcard2.0Tests;
			productReference = 63BABE491A1CBA3300AA64BA /* Postcard2.0Tests.xctest */;
			productType = "com.apple.product-type.bundle.unit-test";
		};
/* End PBXNativeTarget section */

/* Begin PBXProject section */
		63BABE2C1A1CBA3300AA64BA /* Project object */ = {
			isa = PBXProject;
			attributes = {
				LastUpgradeCheck = 0610;
				ORGANIZATIONNAME = BlackApps;
				TargetAttributes = {
					63BABE331A1CBA3300AA64BA = {
						CreatedOnToolsVersion = 6.1;
					};
					63BABE481A1CBA3300AA64BA = {
						CreatedOnToolsVersion = 6.1;
						TestTargetID = 63BABE331A1CBA3300AA64BA;
					};
				};
			};
			buildConfigurationList = 63BABE2F1A1CBA3300AA64BA /* Build configuration list for PBXProject "Postcard2.0" */;
			compatibilityVersion = "Xcode 3.2";
			developmentRegion = English;
			hasScannedForEncodings = 0;
			knownRegions = (
				en,
				Base,
			);
			mainGroup = 63BABE2B1A1CBA3300AA64BA;
			productRefGroup = 63BABE351A1CBA3300AA64BA /* Products */;
			projectDirPath = "";
			projectRoot = "";
			targets = (
				63BABE331A1CBA3300AA64BA /* Postcard2.0 */,
				63BABE481A1CBA3300AA64BA /* Postcard2.0Tests */,
			);
		};
/* End PBXProject section */

/* Begin PBXResourcesBuildPhase section */
		63BABE321A1CBA3300AA64BA /* Resources */ = {
			isa = PBXResourcesBuildPhase;
			buildActionMask = 2147483647;
			files = (
				63BABE5B1A1CC15200AA64BA /* AlbertEinsteinStamp.jpg in Resources */,
				63BABE3F1A1CBA3300AA64BA /* Main.storyboard in Resources */,
				63BABE441A1CBA3300AA64BA /* LaunchScreen.xib in Resources */,
				63BABE411A1CBA3300AA64BA /* Images.xcassets in Resources */,
				63BABE5C1A1CC15200AA64BA /* SagradaFamilia.jpeg in Resources */,
			);
			runOnlyForDeploymentPostprocessing = 0;
		};
		63BABE471A1CBA3300AA64BA /* Resources */ = {
			isa = PBXResourcesBuildPhase;
			buildActionMask = 2147483647;
			files = (
			);
			runOnlyForDeploymentPostprocessing = 0;
		};
/* End PBXResourcesBuildPhase section */

/* Begin PBXSourcesBuildPhase section */
		63BABE301A1CBA3300AA64BA /* Sources */ = {
			isa = PBXSourcesBuildPhase;
			buildActionMask = 2147483647;
			files = (
				63BABE3C1A1CBA3300AA64BA /* ViewController.swift in Sources */,
				63BABE3A1A1CBA3300AA64BA /* AppDelegate.swift in Sources */,
			);
			runOnlyForDeploymentPostprocessing = 0;
		};
		63BABE451A1CBA3300AA64BA /* Sources */ = {
			isa = PBXSourcesBuildPhase;
			buildActionMask = 2147483647;
			files = (
				63BABE501A1CBA3300AA64BA /* Postcard2_0Tests.swift in Sources */,
			);
			runOnlyForDeploymentPostprocessing = 0;
		};
/* End PBXSourcesBuildPhase section */

/* Begin PBXTargetDependency section */
		63BABE4B1A1CBA3300AA64BA /* PBXTargetDependency */ = {
			isa = PBXTargetDependency;
			target = 63BABE331A1CBA3300AA64BA /* Postcard2.0 */;
			targetProxy = 63BABE4A1A1CBA3300AA64BA /* PBXContainerItemProxy */;
		};
/* End PBXTargetDependency section */

/* Begin PBXVariantGroup section */
		63BABE3D1A1CBA3300AA64BA /* Main.storyboard */ = {
			isa = PBXVariantGroup;
			children = (
				63BABE3E1A1CBA3300AA64BA /* Base */,
			);
			name = Main.storyboard;
			sourceTree = "<group>";
		};
		63BABE421A1CBA3300AA64BA /* LaunchScreen.xib */ = {
			isa = PBXVariantGroup;
			children = (
				63BABE431A1CBA3300AA64BA /* Base */,
			);
			name = LaunchScreen.xib;
			sourceTree = "<group>";
		};
/* End PBXVariantGroup section */

/* Begin XCBuildConfiguration section */
		63BABE511A1CBA3300AA64BA /* Debug */ = {
			isa = XCBuildConfiguration;
			buildSettings = {
				ALWAYS_SEARCH_USER_PATHS = NO;
				CLANG_CXX_LANGUAGE_STANDARD = "gnu++0x";
				CLANG_CXX_LIBRARY = "libc++";
				CLANG_ENABLE_MODULES = YES;
				CLANG_ENABLE_OBJC_ARC = YES;
				CLANG_WARN_BOOL_CONVERSION = YES;
				CLANG_WARN_CONSTANT_CONVERSION = YES;
				CLANG_WARN_DIRECT_OBJC_ISA_USAGE = YES_ERROR;
				CLANG_WARN_EMPTY_BODY = YES;
				CLANG_WARN_ENUM_CONVERSION = YES;
				CLANG_WARN_INT_CONVERSION = YES;
				CLANG_WARN_OBJC_ROOT_CLASS = YES_ERROR;
				CLANG_WARN_UNREACHABLE_CODE = YES;
				CLANG_WARN__DUPLICATE_METHOD_MATCH = YES;
				"CODE_SIGN_IDENTITY[sdk=iphoneos*]" = "iPhone Developer";
				COPY_PHASE_STRIP = NO;
				ENABLE_STRICT_OBJC_MSGSEND = YES;
				GCC_C_LANGUAGE_STANDARD = gnu99;
				GCC_DYNAMIC_NO_PIC = NO;
				GCC_OPTIMIZATION_LEVEL = 0;
				GCC_PREPROCESSOR_DEFINITIONS = (
					"DEBUG=1",
					"$(inherited)",
				);
				GCC_SYMBOLS_PRIVATE_EXTERN = NO;
				GCC_WARN_64_TO_32_BIT_CONVERSION = YES;
				GCC_WARN_ABOUT_RETURN_TYPE = YES_ERROR;
				GCC_WARN_UNDECLARED_SELECTOR = YES;
				GCC_WARN_UNINITIALIZED_AUTOS = YES_AGGRESSIVE;
				GCC_WARN_UNUSED_FUNCTION = YES;
				GCC_WARN_UNUSED_VARIABLE = YES;
				IPHONEOS_DEPLOYMENT_TARGET = 8.1;
				MTL_ENABLE_DEBUG_INFO = YES;
				ONLY_ACTIVE_ARCH = YES;
				SDKROOT = iphoneos;
				SWIFT_OPTIMIZATION_LEVEL = "-Onone";
			};
			name = Debug;
		};
		63BABE521A1CBA3300AA64BA /* Release */ = {
			isa = XCBuildConfiguration;
			buildSettings = {
				ALWAYS_SEARCH_USER_PATHS = NO;
				CLANG_CXX_LANGUAGE_STANDARD = "gnu++0x";
				CLANG_CXX_LIBRARY = "libc++";
				CLANG_ENABLE_MODULES = YES;
				CLANG_ENABLE_OBJC_ARC = YES;
				CLANG_WARN_BOOL_CONVERSION = YES;
				CLANG_WARN_CONSTANT_CONVERSION = YES;
				CLANG_WARN_DIRECT_OBJC_ISA_USAGE = YES_ERROR;
				CLANG_WARN_EMPTY_BODY = YES;
				CLANG_WARN_ENUM_CONVERSION = YES;
				CLANG_WARN_INT_CONVERSION = YES;
				CLANG_WARN_OBJC_ROOT_CLASS = YES_ERROR;
				CLANG_WARN_UNREACHABLE_CODE = YES;
				CLANG_WARN__DUPLICATE_METHOD_MATCH = YES;
				"CODE_SIGN_IDENTITY[sdk=iphoneos*]" = "iPhone Developer";
				COPY_PHASE_STRIP = YES;
				ENABLE_NS_ASSERTIONS = NO;
				ENABLE_STRICT_OBJC_MSGSEND = YES;
				GCC_C_LANGUAGE_STANDARD = gnu99;
				GCC_WARN_64_TO_32_BIT_CONVERSION = YES;
				GCC_WARN_ABOUT_RETURN_TYPE = YES_ERROR;
				GCC_WARN_UNDECLARED_SELECTOR = YES;
				GCC_WARN_UNINITIALIZED_AUTOS = YES_AGGRESSIVE;
				GCC_WARN_UNUSED_FUNCTION = YES;
				GCC_WARN_UNUSED_VARIABLE = YES;
				IPHONEOS_DEPLOYMENT_TARGET = 8.1;
				MTL_ENABLE_DEBUG_INFO = NO;
				SDKROOT = iphoneos;
				VALIDATE_PRODUCT = YES;
			};
			name = Release;
		};
		63BABE541A1CBA3300AA64BA /* Debug */ = {
			isa = XCBuildConfiguration;
			buildSettings = {
				ASSETCATALOG_COMPILER_APPICON_NAME = AppIcon;
				INFOPLIST_FILE = Postcard2.0/Info.plist;
				LD_RUNPATH_SEARCH_PATHS = "$(inherited) @executable_path/Frameworks";
				PRODUCT_NAME = "$(TARGET_NAME)";
			};
			name = Debug;
		};
		63BABE551A1CBA3300AA64BA /* Release */ = {
			isa = XCBuildConfiguration;
			buildSettings = {
				ASSETCATALOG_COMPILER_APPICON_NAME = AppIcon;
				INFOPLIST_FILE = Postcard2.0/Info.plist;
				LD_RUNPATH_SEARCH_PATHS = "$(inherited) @executable_path/Frameworks";
				PRODUCT_NAME = "$(TARGET_NAME)";
			};
			name = Release;
		};
		63BABE571A1CBA3300AA64BA /* Debug */ = {
			isa = XCBuildConfiguration;
			buildSettings = {
				BUNDLE_LOADER = "$(TEST_HOST)";
				FRAMEWORK_SEARCH_PATHS = (
					"$(SDKROOT)/Developer/Library/Frameworks",
					"$(inherited)",
				);
				GCC_PREPROCESSOR_DEFINITIONS = (
					"DEBUG=1",
					"$(inherited)",
				);
				INFOPLIST_FILE = Postcard2.0Tests/Info.plist;
				LD_RUNPATH_SEARCH_PATHS = "$(inherited) @executable_path/Frameworks @loader_path/Frameworks";
				PRODUCT_NAME = "$(TARGET_NAME)";
				TEST_HOST = "$(BUILT_PRODUCTS_DIR)/Postcard2.0.app/Postcard2.0";
			};
			name = Debug;
		};
		63BABE581A1CBA3300AA64BA /* Release */ = {
			isa = XCBuildConfiguration;
			buildSettings = {
				BUNDLE_LOADER = "$(TEST_HOST)";
				FRAMEWORK_SEARCH_PATHS = (
					"$(SDKROOT)/Developer/Library/Frameworks",
					"$(inherited)",
				);
				INFOPLIST_FILE = Postcard2.0Tests/Info.plist;
				LD_RUNPATH_SEARCH_PATHS = "$(inherited) @executable_path/Frameworks @loader_path/Frameworks";
				PRODUCT_NAME = "$(TARGET_NAME)";
				TEST_HOST = "$(BUILT_PRODUCTS_DIR)/Postcard2.0.app/Postcard2.0";
			};
			name = Release;
		};
/* End XCBuildConfiguration section */

/* Begin XCConfigurationList section */
		63BABE2F1A1CBA3300AA64BA /* Build configuration list for PBXProject "Postcard2.0" */ = {
			isa = XCConfigurationList;
			buildConfigurations = (
				63BABE511A1CBA3300AA64BA /* Debug */,
				63BABE521A1CBA3300AA64BA /* Release */,
			);
			defaultConfigurationIsVisible = 0;
			defaultConfigurationName = Release;
		};
		63BABE531A1CBA3300AA64BA /* Build configuration list for PBXNativeTarget "Postcard2.0" */ = {
			isa = XCConfigurationList;
			buildConfigurations = (
				63BABE541A1CBA3300AA64BA /* Debug */,
				63BABE551A1CBA3300AA64BA /* Release */,
			);
			defaultConfigurationIsVisible = 0;
		};
		63BABE561A1CBA3300AA64BA /* Build configuration list for PBXNativeTarget "Postcard2.0Tests" */ = {
			isa = XCConfigurationList;
			buildConfigurations = (
				63BABE571A1CBA3300AA64BA /* Debug */,
				63BABE581A1CBA3300AA64BA /* Release */,
			);
			defaultConfigurationIsVisible = 0;
		};
/* End XCConfigurationList section */
	};
	rootObject = 63BABE2C1A1CBA3300AA64BA /* Project object */;
}
